
Microsoft Visual Studio Solution File, Format Version 12.00
# Visual Studio Version 17
VisualStudioVersion = 17.4.33403.182
MinimumVisualStudioVersion = 10.0.40219.1
Project("{FAE04EC0-301F-11D3-BF4B-00C04F79EFBC}") = "Grocery_Shop", "Grocery_Shop\Grocery_Shop.csproj", "{B56A5329-C680-4578-AFCD-EA4FA35F76F7}"
EndProject
Global
	GlobalSection(SolutionConfigurationPlatforms) = preSolution
		Debug|Any CPU = Debug|Any CPU
		Release|Any CPU = Release|Any CPU
	EndGlobalSection
	GlobalSection(ProjectConfigurationPlatforms) = postSolution
		{B56A5329-C680-4578-AFCD-EA4FA35F76F7}.Debug|Any CPU.ActiveCfg = Debug|Any CPU
		{B56A5329-C680-4578-AFCD-EA4FA35F76F7}.Debug|Any CPU.Build.0 = Debug|Any CPU
		{B56A5329-C680-4578-AFCD-EA4FA35F76F7}.Release|Any CPU.ActiveCfg = Release|Any CPU
		{B56A5329-C680-4578-AFCD-EA4FA35F76F7}.Release|Any CPU.Build.0 = Release|Any CPU
	EndGlobalSection
	GlobalSection(SolutionProperties) = preSolution
		HideSolutionNode = FALSE
	EndGlobalSection
	GlobalSection(ExtensibilityGlobals) = postSolution
		SolutionGuid = {52721D13-2CA5-4BE3-89BB-062F7DB80D8D}
	EndGlobalSection
EndGlobal
